
Microsoft Visual Studio Solution File, Format Version 12.00
# Visual Studio Version 17
VisualStudioVersion = 17.14.36202.13 d17.14
MinimumVisualStudioVersion = 10.0.40219.1
Project("{FAE04EC0-301F-11D3-BF4B-00C04F79EFBC}") = "Atividade01", "Atividade01\Atividade01.csproj", "{1EF88738-CDD0-47FF-87D7-608BD817C280}"
EndProject
Project("{FAE04EC0-301F-11D3-BF4B-00C04F79EFBC}") = "Atividade02", "Atividade02\Atividade02.csproj", "{0C4A84DD-EFC9-48CF-94AA-C867626F664D}"
EndProject
Project("{FAE04EC0-301F-11D3-BF4B-00C04F79EFBC}") = "Atividade03", "Atividade03\Atividade03.csproj", "{FAEF0935-48C3-45A0-90B9-CF875F5C8600}"
EndProject
Project("{FAE04EC0-301F-11D3-BF4B-00C04F79EFBC}") = "Atividade04", "Atividade04\Atividade04.csproj", "{0E773744-501C-456A-B700-E7951AABFE84}"
EndProject
Project("{FAE04EC0-301F-11D3-BF4B-00C04F79EFBC}") = "Atividade05", "Atividade05\Atividade05.csproj", "{FA4943E9-F3DD-4493-A1E2-F458825E1BFD}"
EndProject
Project("{FAE04EC0-301F-11D3-BF4B-00C04F79EFBC}") = "Atividade06", "Atividade06\Atividade06.csproj", "{72D1F3F5-127C-4629-B286-2B0BA675F1FB}"
EndProject
Project("{FAE04EC0-301F-11D3-BF4B-00C04F79EFBC}") = "Atividade07", "Atividade07\Atividade07.csproj", "{623B807B-87E6-4CD5-986F-60F019DEA17A}"
EndProject
Project("{FAE04EC0-301F-11D3-BF4B-00C04F79EFBC}") = "Atividade08", "Atividade08\Atividade08.csproj", "{085A09BB-D0B2-4139-A965-922E2E36C599}"
EndProject
Project("{FAE04EC0-301F-11D3-BF4B-00C04F79EFBC}") = "Atividade09", "Atividade09\Atividade09.csproj", "{83021828-87F7-40D4-81B4-D1E40F65C357}"
EndProject
Project("{FAE04EC0-301F-11D3-BF4B-00C04F79EFBC}") = "Atividade10", "Atividade10\Atividade10.csproj", "{20F06ACD-09A9-4E83-8F4C-819A2B770B0C}"
EndProject
Project("{FAE04EC0-301F-11D3-BF4B-00C04F79EFBC}") = "Atividade11", "Atividade11\Atividade11.csproj", "{6C204A78-15BE-4B05-8668-3E86109B2DAF}"
EndProject
Project("{FAE04EC0-301F-11D3-BF4B-00C04F79EFBC}") = "Atividade12", "Atividade12\Atividade12.csproj", "{B2CBD031-57B0-459A-9402-9012F74D0E66}"
EndProject
Project("{FAE04EC0-301F-11D3-BF4B-00C04F79EFBC}") = "Atividade13", "Atividade13\Atividade13.csproj", "{D254D62E-A7F2-442D-9B93-9105A14BB1E4}"
EndProject
Project("{FAE04EC0-301F-11D3-BF4B-00C04F79EFBC}") = "Atividade14", "Atividade14\Atividade14.csproj", "{75CF2959-4571-4A29-AAA5-1E5916ED938D}"
EndProject
Project("{FAE04EC0-301F-11D3-BF4B-00C04F79EFBC}") = "Atividade15", "Atividade15\Atividade15.csproj", "{6A70FCFD-45E9-4F95-8F72-03D8DC1B8BAD}"
EndProject
Project("{FAE04EC0-301F-11D3-BF4B-00C04F79EFBC}") = "Atividade16", "Atividade16\Atividade16.csproj", "{1BC67EB4-4231-420F-9FD8-AC753F14C3BB}"
EndProject
Project("{FAE04EC0-301F-11D3-BF4B-00C04F79EFBC}") = "Atividade17", "Atividade17\Atividade17.csproj", "{A2A189C4-DC2E-4C8E-8439-4202C4949A2F}"
EndProject
Project("{FAE04EC0-301F-11D3-BF4B-00C04F79EFBC}") = "Atividade18", "Atividade18\Atividade18.csproj", "{9015A1AD-CAF0-4674-A4C6-E593F0F0ADF3}"
EndProject
Project("{FAE04EC0-301F-11D3-BF4B-00C04F79EFBC}") = "Atividade19", "Atividade19\Atividade19.csproj", "{2C5DA88F-1EC1-4F4B-A958-91FC95597A1A}"
EndProject
Project("{FAE04EC0-301F-11D3-BF4B-00C04F79EFBC}") = "Atividade20", "Atividade20\Atividade20.csproj", "{0F2C8D6A-490F-4876-9A2B-352CA6381EEF}"
EndProject
Project("{FAE04EC0-301F-11D3-BF4B-00C04F79EFBC}") = "Atividade21", "Atividade21\Atividade21.csproj", "{BB89EBDD-318B-4F0A-9A1F-042FD2C415A3}"
EndProject
Project("{FAE04EC0-301F-11D3-BF4B-00C04F79EFBC}") = "Atividade22", "Atividade22\Atividade22.csproj", "{86333C57-B10C-40C1-A547-C5BD7B717D93}"
EndProject
Project("{FAE04EC0-301F-11D3-BF4B-00C04F79EFBC}") = "Atividade23", "Atividade23\Atividade23.csproj", "{E8894F0D-9FE1-4B64-92CC-A14DB0C1971E}"
EndProject
Project("{FAE04EC0-301F-11D3-BF4B-00C04F79EFBC}") = "Atividade24", "Atividade24\Atividade24.csproj", "{1A4107C7-387D-49B9-BC90-E02D7CA749C7}"
EndProject
Project("{FAE04EC0-301F-11D3-BF4B-00C04F79EFBC}") = "Atividade25", "Atividade25\Atividade25.csproj", "{AF9595CF-7C9C-4724-A4E3-1C1DD7FA21E6}"
EndProject
Project("{FAE04EC0-301F-11D3-BF4B-00C04F79EFBC}") = "Atividade26", "Atividade26\Atividade26.csproj", "{6FBFE2A4-7E3B-4871-8B28-B170A43362B4}"
EndProject
Project("{FAE04EC0-301F-11D3-BF4B-00C04F79EFBC}") = "Atividade27", "Atividade27\Atividade27.csproj", "{6D32C906-2A26-44E3-A19F-F63B5084E1C5}"
EndProject
Project("{FAE04EC0-301F-11D3-BF4B-00C04F79EFBC}") = "Atividade28", "Atividade28\Atividade28.csproj", "{B3F8E862-4F07-41DB-A340-F23EB540FEB3}"
EndProject
Project("{FAE04EC0-301F-11D3-BF4B-00C04F79EFBC}") = "Atividade29", "Atividade29\Atividade29.csproj", "{7411D8B6-E2B9-41E8-9773-504EC3AB8ADE}"
EndProject
Project("{FAE04EC0-301F-11D3-BF4B-00C04F79EFBC}") = "Atividade30", "Atividade30\Atividade30.csproj", "{22FB322E-B82C-4F4E-A824-C351D66F4EAC}"
EndProject
Project("{FAE04EC0-301F-11D3-BF4B-00C04F79EFBC}") = "Atividade31", "Atividade31\Atividade31.csproj", "{608BA1A6-E45B-4D13-9FA2-57A0FCD619D6}"
EndProject
Project("{FAE04EC0-301F-11D3-BF4B-00C04F79EFBC}") = "Atividade32", "Atividade32\Atividade32.csproj", "{6C57E11B-7E69-4751-986B-5BEE8D57210E}"
EndProject
Project("{FAE04EC0-301F-11D3-BF4B-00C04F79EFBC}") = "Atividade33", "Atividade33\Atividade33.csproj", "{6DAC9463-24EB-41C6-A5B2-D9D0EEDDCD35}"
EndProject
Project("{FAE04EC0-301F-11D3-BF4B-00C04F79EFBC}") = "Atividade34", "Atividade34\Atividade34.csproj", "{3648AE10-920A-4E55-A9E2-48A717B05C4F}"
EndProject
Project("{FAE04EC0-301F-11D3-BF4B-00C04F79EFBC}") = "Atividade35", "Atividade35\Atividade35.csproj", "{2FB1761E-19EB-4568-B2D0-EDA020BA1D5F}"
EndProject
Project("{FAE04EC0-301F-11D3-BF4B-00C04F79EFBC}") = "Atividade36", "Atividade36\Atividade36.csproj", "{FDEC0882-986E-46B2-A066-3416D59F67CC}"
EndProject
Project("{FAE04EC0-301F-11D3-BF4B-00C04F79EFBC}") = "Atividade37", "Atividade37\Atividade37.csproj", "{7595D16F-C672-432F-AACD-9DB1512FFCA5}"
EndProject
Project("{FAE04EC0-301F-11D3-BF4B-00C04F79EFBC}") = "Atividade38", "Atividade38\Atividade38.csproj", "{A5891EE3-5EB5-455C-8F99-72B247D7DED6}"
EndProject
Project("{FAE04EC0-301F-11D3-BF4B-00C04F79EFBC}") = "Atividade39", "Atividade39\Atividade39.csproj", "{9C3F3405-7C16-423B-940E-FDFCA1D30CC5}"
EndProject
Project("{FAE04EC0-301F-11D3-BF4B-00C04F79EFBC}") = "Atividade40", "Atividade40\Atividade40.csproj", "{1E980FED-2FE5-466F-B4EC-1BBF1BC6D3EA}"
EndProject
Global
	GlobalSection(SolutionConfigurationPlatforms) = preSolution
		Debug|Any CPU = Debug|Any CPU
		Release|Any CPU = Release|Any CPU
	EndGlobalSection
	GlobalSection(ProjectConfigurationPlatforms) = postSolution
		{1EF88738-CDD0-47FF-87D7-608BD817C280}.Debug|Any CPU.ActiveCfg = Debug|Any CPU
		{1EF88738-CDD0-47FF-87D7-608BD817C280}.Debug|Any CPU.Build.0 = Debug|Any CPU
		{1EF88738-CDD0-47FF-87D7-608BD817C280}.Release|Any CPU.ActiveCfg = Release|Any CPU
		{1EF88738-CDD0-47FF-87D7-608BD817C280}.Release|Any CPU.Build.0 = Release|Any CPU
		{0C4A84DD-EFC9-48CF-94AA-C867626F664D}.Debug|Any CPU.ActiveCfg = Debug|Any CPU
		{0C4A84DD-EFC9-48CF-94AA-C867626F664D}.Debug|Any CPU.Build.0 = Debug|Any CPU
		{0C4A84DD-EFC9-48CF-94AA-C867626F664D}.Release|Any CPU.ActiveCfg = Release|Any CPU
		{0C4A84DD-EFC9-48CF-94AA-C867626F664D}.Release|Any CPU.Build.0 = Release|Any CPU
		{FAEF0935-48C3-45A0-90B9-CF875F5C8600}.Debug|Any CPU.ActiveCfg = Debug|Any CPU
		{FAEF0935-48C3-45A0-90B9-CF875F5C8600}.Debug|Any CPU.Build.0 = Debug|Any CPU
		{FAEF0935-48C3-45A0-90B9-CF875F5C8600}.Release|Any CPU.ActiveCfg = Release|Any CPU
		{FAEF0935-48C3-45A0-90B9-CF875F5C8600}.Release|Any CPU.Build.0 = Release|Any CPU
		{0E773744-501C-456A-B700-E7951AABFE84}.Debug|Any CPU.ActiveCfg = Debug|Any CPU
		{0E773744-501C-456A-B700-E7951AABFE84}.Debug|Any CPU.Build.0 = Debug|Any CPU
		{0E773744-501C-456A-B700-E7951AABFE84}.Release|Any CPU.ActiveCfg = Release|Any CPU
		{0E773744-501C-456A-B700-E7951AABFE84}.Release|Any CPU.Build.0 = Release|Any CPU
		{FA4943E9-F3DD-4493-A1E2-F458825E1BFD}.Debug|Any CPU.ActiveCfg = Debug|Any CPU
		{FA4943E9-F3DD-4493-A1E2-F458825E1BFD}.Debug|Any CPU.Build.0 = Debug|Any CPU
		{FA4943E9-F3DD-4493-A1E2-F458825E1BFD}.Release|Any CPU.ActiveCfg = Release|Any CPU
		{FA4943E9-F3DD-4493-A1E2-F458825E1BFD}.Release|Any CPU.Build.0 = Release|Any CPU
		{72D1F3F5-127C-4629-B286-2B0BA675F1FB}.Debug|Any CPU.ActiveCfg = Debug|Any CPU
		{72D1F3F5-127C-4629-B286-2B0BA675F1FB}.Debug|Any CPU.Build.0 = Debug|Any CPU
		{72D1F3F5-127C-4629-B286-2B0BA675F1FB}.Release|Any CPU.ActiveCfg = Release|Any CPU
		{72D1F3F5-127C-4629-B286-2B0BA675F1FB}.Release|Any CPU.Build.0 = Release|Any CPU
		{623B807B-87E6-4CD5-986F-60F019DEA17A}.Debug|Any CPU.ActiveCfg = Debug|Any CPU
		{623B807B-87E6-4CD5-986F-60F019DEA17A}.Debug|Any CPU.Build.0 = Debug|Any CPU
		{623B807B-87E6-4CD5-986F-60F019DEA17A}.Release|Any CPU.ActiveCfg = Release|Any CPU
		{623B807B-87E6-4CD5-986F-60F019DEA17A}.Release|Any CPU.Build.0 = Release|Any CPU
		{085A09BB-D0B2-4139-A965-922E2E36C599}.Debug|Any CPU.ActiveCfg = Debug|Any CPU
		{085A09BB-D0B2-4139-A965-922E2E36C599}.Debug|Any CPU.Build.0 = Debug|Any CPU
		{085A09BB-D0B2-4139-A965-922E2E36C599}.Release|Any CPU.ActiveCfg = Release|Any CPU
		{085A09BB-D0B2-4139-A965-922E2E36C599}.Release|Any CPU.Build.0 = Release|Any CPU
		{83021828-87F7-40D4-81B4-D1E40F65C357}.Debug|Any CPU.ActiveCfg = Debug|Any CPU
		{83021828-87F7-40D4-81B4-D1E40F65C357}.Debug|Any CPU.Build.0 = Debug|Any CPU
		{83021828-87F7-40D4-81B4-D1E40F65C357}.Release|Any CPU.ActiveCfg = Release|Any CPU
		{83021828-87F7-40D4-81B4-D1E40F65C357}.Release|Any CPU.Build.0 = Release|Any CPU
		{20F06ACD-09A9-4E83-8F4C-819A2B770B0C}.Debug|Any CPU.ActiveCfg = Debug|Any CPU
		{20F06ACD-09A9-4E83-8F4C-819A2B770B0C}.Debug|Any CPU.Build.0 = Debug|Any CPU
		{20F06ACD-09A9-4E83-8F4C-819A2B770B0C}.Release|Any CPU.ActiveCfg = Release|Any CPU
		{20F06ACD-09A9-4E83-8F4C-819A2B770B0C}.Release|Any CPU.Build.0 = Release|Any CPU
		{6C204A78-15BE-4B05-8668-3E86109B2DAF}.Debug|Any CPU.ActiveCfg = Debug|Any CPU
		{6C204A78-15BE-4B05-8668-3E86109B2DAF}.Debug|Any CPU.Build.0 = Debug|Any CPU
		{6C204A78-15BE-4B05-8668-3E86109B2DAF}.Release|Any CPU.ActiveCfg = Release|Any CPU
		{6C204A78-15BE-4B05-8668-3E86109B2DAF}.Release|Any CPU.Build.0 = Release|Any CPU
		{B2CBD031-57B0-459A-9402-9012F74D0E66}.Debug|Any CPU.ActiveCfg = Debug|Any CPU
		{B2CBD031-57B0-459A-9402-9012F74D0E66}.Debug|Any CPU.Build.0 = Debug|Any CPU
		{B2CBD031-57B0-459A-9402-9012F74D0E66}.Release|Any CPU.ActiveCfg = Release|Any CPU
		{B2CBD031-57B0-459A-9402-9012F74D0E66}.Release|Any CPU.Build.0 = Release|Any CPU
		{D254D62E-A7F2-442D-9B93-9105A14BB1E4}.Debug|Any CPU.ActiveCfg = Debug|Any CPU
		{D254D62E-A7F2-442D-9B93-9105A14BB1E4}.Debug|Any CPU.Build.0 = Debug|Any CPU
		{D254D62E-A7F2-442D-9B93-9105A14BB1E4}.Release|Any CPU.ActiveCfg = Release|Any CPU
		{D254D62E-A7F2-442D-9B93-9105A14BB1E4}.Release|Any CPU.Build.0 = Release|Any CPU
		{75CF2959-4571-4A29-AAA5-1E5916ED938D}.Debug|Any CPU.ActiveCfg = Debug|Any CPU
		{75CF2959-4571-4A29-AAA5-1E5916ED938D}.Debug|Any CPU.Build.0 = Debug|Any CPU
		{75CF2959-4571-4A29-AAA5-1E5916ED938D}.Release|Any CPU.ActiveCfg = Release|Any CPU
		{75CF2959-4571-4A29-AAA5-1E5916ED938D}.Release|Any CPU.Build.0 = Release|Any CPU
		{6A70FCFD-45E9-4F95-8F72-03D8DC1B8BAD}.Debug|Any CPU.ActiveCfg = Debug|Any CPU
		{6A70FCFD-45E9-4F95-8F72-03D8DC1B8BAD}.Debug|Any CPU.Build.0 = Debug|Any CPU
		{6A70FCFD-45E9-4F95-8F72-03D8DC1B8BAD}.Release|Any CPU.ActiveCfg = Release|Any CPU
		{6A70FCFD-45E9-4F95-8F72-03D8DC1B8BAD}.Release|Any CPU.Build.0 = Release|Any CPU
		{1BC67EB4-4231-420F-9FD8-AC753F14C3BB}.Debug|Any CPU.ActiveCfg = Debug|Any CPU
		{1BC67EB4-4231-420F-9FD8-AC753F14C3BB}.Debug|Any CPU.Build.0 = Debug|Any CPU
		{1BC67EB4-4231-420F-9FD8-AC753F14C3BB}.Release|Any CPU.ActiveCfg = Release|Any CPU
		{1BC67EB4-4231-420F-9FD8-AC753F14C3BB}.Release|Any CPU.Build.0 = Release|Any CPU
		{A2A189C4-DC2E-4C8E-8439-4202C4949A2F}.Debug|Any CPU.ActiveCfg = Debug|Any CPU
		{A2A189C4-DC2E-4C8E-8439-4202C4949A2F}.Debug|Any CPU.Build.0 = Debug|Any CPU
		{A2A189C4-DC2E-4C8E-8439-4202C4949A2F}.Release|Any CPU.ActiveCfg = Release|Any CPU
		{A2A189C4-DC2E-4C8E-8439-4202C4949A2F}.Release|Any CPU.Build.0 = Release|Any CPU
		{9015A1AD-CAF0-4674-A4C6-E593F0F0ADF3}.Debug|Any CPU.ActiveCfg = Debug|Any CPU
		{9015A1AD-CAF0-4674-A4C6-E593F0F0ADF3}.Debug|Any CPU.Build.0 = Debug|Any CPU
		{9015A1AD-CAF0-4674-A4C6-E593F0F0ADF3}.Release|Any CPU.ActiveCfg = Release|Any CPU
		{9015A1AD-CAF0-4674-A4C6-E593F0F0ADF3}.Release|Any CPU.Build.0 = Release|Any CPU
		{2C5DA88F-1EC1-4F4B-A958-91FC95597A1A}.Debug|Any CPU.ActiveCfg = Debug|Any CPU
		{2C5DA88F-1EC1-4F4B-A958-91FC95597A1A}.Debug|Any CPU.Build.0 = Debug|Any CPU
		{2C5DA88F-1EC1-4F4B-A958-91FC95597A1A}.Release|Any CPU.ActiveCfg = Release|Any CPU
		{2C5DA88F-1EC1-4F4B-A958-91FC95597A1A}.Release|Any CPU.Build.0 = Release|Any CPU
		{0F2C8D6A-490F-4876-9A2B-352CA6381EEF}.Debug|Any CPU.ActiveCfg = Debug|Any CPU
		{0F2C8D6A-490F-4876-9A2B-352CA6381EEF}.Debug|Any CPU.Build.0 = Debug|Any CPU
		{0F2C8D6A-490F-4876-9A2B-352CA6381EEF}.Release|Any CPU.ActiveCfg = Release|Any CPU
		{0F2C8D6A-490F-4876-9A2B-352CA6381EEF}.Release|Any CPU.Build.0 = Release|Any CPU
		{BB89EBDD-318B-4F0A-9A1F-042FD2C415A3}.Debug|Any CPU.ActiveCfg = Debug|Any CPU
		{BB89EBDD-318B-4F0A-9A1F-042FD2C415A3}.Debug|Any CPU.Build.0 = Debug|Any CPU
		{BB89EBDD-318B-4F0A-9A1F-042FD2C415A3}.Release|Any CPU.ActiveCfg = Release|Any CPU
		{BB89EBDD-318B-4F0A-9A1F-042FD2C415A3}.Release|Any CPU.Build.0 = Release|Any CPU
		{86333C57-B10C-40C1-A547-C5BD7B717D93}.Debug|Any CPU.ActiveCfg = Debug|Any CPU
		{86333C57-B10C-40C1-A547-C5BD7B717D93}.Debug|Any CPU.Build.0 = Debug|Any CPU
		{86333C57-B10C-40C1-A547-C5BD7B717D93}.Release|Any CPU.ActiveCfg = Release|Any CPU
		{86333C57-B10C-40C1-A547-C5BD7B717D93}.Release|Any CPU.Build.0 = Release|Any CPU
		{E8894F0D-9FE1-4B64-92CC-A14DB0C1971E}.Debug|Any CPU.ActiveCfg = Debug|Any CPU
		{E8894F0D-9FE1-4B64-92CC-A14DB0C1971E}.Debug|Any CPU.Build.0 = Debug|Any CPU
		{E8894F0D-9FE1-4B64-92CC-A14DB0C1971E}.Release|Any CPU.ActiveCfg = Release|Any CPU
		{E8894F0D-9FE1-4B64-92CC-A14DB0C1971E}.Release|Any CPU.Build.0 = Release|Any CPU
		{1A4107C7-387D-49B9-BC90-E02D7CA749C7}.Debug|Any CPU.ActiveCfg = Debug|Any CPU
		{1A4107C7-387D-49B9-BC90-E02D7CA749C7}.Debug|Any CPU.Build.0 = Debug|Any CPU
		{1A4107C7-387D-49B9-BC90-E02D7CA749C7}.Release|Any CPU.ActiveCfg = Release|Any CPU
		{1A4107C7-387D-49B9-BC90-E02D7CA749C7}.Release|Any CPU.Build.0 = Release|Any CPU
		{AF9595CF-7C9C-4724-A4E3-1C1DD7FA21E6}.Debug|Any CPU.ActiveCfg = Debug|Any CPU
		{AF9595CF-7C9C-4724-A4E3-1C1DD7FA21E6}.Debug|Any CPU.Build.0 = Debug|Any CPU
		{AF9595CF-7C9C-4724-A4E3-1C1DD7FA21E6}.Release|Any CPU.ActiveCfg = Release|Any CPU
		{AF9595CF-7C9C-4724-A4E3-1C1DD7FA21E6}.Release|Any CPU.Build.0 = Release|Any CPU
		{6FBFE2A4-7E3B-4871-8B28-B170A43362B4}.Debug|Any CPU.ActiveCfg = Debug|Any CPU
		{6FBFE2A4-7E3B-4871-8B28-B170A43362B4}.Debug|Any CPU.Build.0 = Debug|Any CPU
		{6FBFE2A4-7E3B-4871-8B28-B170A43362B4}.Release|Any CPU.ActiveCfg = Release|Any CPU
		{6FBFE2A4-7E3B-4871-8B28-B170A43362B4}.Release|Any CPU.Build.0 = Release|Any CPU
		{6D32C906-2A26-44E3-A19F-F63B5084E1C5}.Debug|Any CPU.ActiveCfg = Debug|Any CPU
		{6D32C906-2A26-44E3-A19F-F63B5084E1C5}.Debug|Any CPU.Build.0 = Debug|Any CPU
		{6D32C906-2A26-44E3-A19F-F63B5084E1C5}.Release|Any CPU.ActiveCfg = Release|Any CPU
		{6D32C906-2A26-44E3-A19F-F63B5084E1C5}.Release|Any CPU.Build.0 = Release|Any CPU
		{B3F8E862-4F07-41DB-A340-F23EB540FEB3}.Debug|Any CPU.ActiveCfg = Debug|Any CPU
		{B3F8E862-4F07-41DB-A340-F23EB540FEB3}.Debug|Any CPU.Build.0 = Debug|Any CPU
		{B3F8E862-4F07-41DB-A340-F23EB540FEB3}.Release|Any CPU.ActiveCfg = Release|Any CPU
		{B3F8E862-4F07-41DB-A340-F23EB540FEB3}.Release|Any CPU.Build.0 = Release|Any CPU
		{7411D8B6-E2B9-41E8-9773-504EC3AB8ADE}.Debug|Any CPU.ActiveCfg = Debug|Any CPU
		{7411D8B6-E2B9-41E8-9773-504EC3AB8ADE}.Debug|Any CPU.Build.0 = Debug|Any CPU
		{7411D8B6-E2B9-41E8-9773-504EC3AB8ADE}.Release|Any CPU.ActiveCfg = Release|Any CPU
		{7411D8B6-E2B9-41E8-9773-504EC3AB8ADE}.Release|Any CPU.Build.0 = Release|Any CPU
		{22FB322E-B82C-4F4E-A824-C351D66F4EAC}.Debug|Any CPU.ActiveCfg = Debug|Any CPU
		{22FB322E-B82C-4F4E-A824-C351D66F4EAC}.Debug|Any CPU.Build.0 = Debug|Any CPU
		{22FB322E-B82C-4F4E-A824-C351D66F4EAC}.Release|Any CPU.ActiveCfg = Release|Any CPU
		{22FB322E-B82C-4F4E-A824-C351D66F4EAC}.Release|Any CPU.Build.0 = Release|Any CPU
		{608BA1A6-E45B-4D13-9FA2-57A0FCD619D6}.Debug|Any CPU.ActiveCfg = Debug|Any CPU
		{608BA1A6-E45B-4D13-9FA2-57A0FCD619D6}.Debug|Any CPU.Build.0 = Debug|Any CPU
		{608BA1A6-E45B-4D13-9FA2-57A0FCD619D6}.Release|Any CPU.ActiveCfg = Release|Any CPU
		{608BA1A6-E45B-4D13-9FA2-57A0FCD619D6}.Release|Any CPU.Build.0 = Release|Any CPU
		{6C57E11B-7E69-4751-986B-5BEE8D57210E}.Debug|Any CPU.ActiveCfg = Debug|Any CPU
		{6C57E11B-7E69-4751-986B-5BEE8D57210E}.Debug|Any CPU.Build.0 = Debug|Any CPU
		{6C57E11B-7E69-4751-986B-5BEE8D57210E}.Release|Any CPU.ActiveCfg = Release|Any CPU
		{6C57E11B-7E69-4751-986B-5BEE8D57210E}.Release|Any CPU.Build.0 = Release|Any CPU
		{6DAC9463-24EB-41C6-A5B2-D9D0EEDDCD35}.Debug|Any CPU.ActiveCfg = Debug|Any CPU
		{6DAC9463-24EB-41C6-A5B2-D9D0EEDDCD35}.Debug|Any CPU.Build.0 = Debug|Any CPU
		{6DAC9463-24EB-41C6-A5B2-D9D0EEDDCD35}.Release|Any CPU.ActiveCfg = Release|Any CPU
		{6DAC9463-24EB-41C6-A5B2-D9D0EEDDCD35}.Release|Any CPU.Build.0 = Release|Any CPU
		{3648AE10-920A-4E55-A9E2-48A717B05C4F}.Debug|Any CPU.ActiveCfg = Debug|Any CPU
		{3648AE10-920A-4E55-A9E2-48A717B05C4F}.Debug|Any CPU.Build.0 = Debug|Any CPU
		{3648AE10-920A-4E55-A9E2-48A717B05C4F}.Release|Any CPU.ActiveCfg = Release|Any CPU
		{3648AE10-920A-4E55-A9E2-48A717B05C4F}.Release|Any CPU.Build.0 = Release|Any CPU
		{2FB1761E-19EB-4568-B2D0-EDA020BA1D5F}.Debug|Any CPU.ActiveCfg = Debug|Any CPU
		{2FB1761E-19EB-4568-B2D0-EDA020BA1D5F}.Debug|Any CPU.Build.0 = Debug|Any CPU
		{2FB1761E-19EB-4568-B2D0-EDA020BA1D5F}.Release|Any CPU.ActiveCfg = Release|Any CPU
		{2FB1761E-19EB-4568-B2D0-EDA020BA1D5F}.Release|Any CPU.Build.0 = Release|Any CPU
		{FDEC0882-986E-46B2-A066-3416D59F67CC}.Debug|Any CPU.ActiveCfg = Debug|Any CPU
		{FDEC0882-986E-46B2-A066-3416D59F67CC}.Debug|Any CPU.Build.0 = Debug|Any CPU
		{FDEC0882-986E-46B2-A066-3416D59F67CC}.Release|Any CPU.ActiveCfg = Release|Any CPU
		{FDEC0882-986E-46B2-A066-3416D59F67CC}.Release|Any CPU.Build.0 = Release|Any CPU
		{7595D16F-C672-432F-AACD-9DB1512FFCA5}.Debug|Any CPU.ActiveCfg = Debug|Any CPU
		{7595D16F-C672-432F-AACD-9DB1512FFCA5}.Debug|Any CPU.Build.0 = Debug|Any CPU
		{7595D16F-C672-432F-AACD-9DB1512FFCA5}.Release|Any CPU.ActiveCfg = Release|Any CPU
		{7595D16F-C672-432F-AACD-9DB1512FFCA5}.Release|Any CPU.Build.0 = Release|Any CPU
		{A5891EE3-5EB5-455C-8F99-72B247D7DED6}.Debug|Any CPU.ActiveCfg = Debug|Any CPU
		{A5891EE3-5EB5-455C-8F99-72B247D7DED6}.Debug|Any CPU.Build.0 = Debug|Any CPU
		{A5891EE3-5EB5-455C-8F99-72B247D7DED6}.Release|Any CPU.ActiveCfg = Release|Any CPU
		{A5891EE3-5EB5-455C-8F99-72B247D7DED6}.Release|Any CPU.Build.0 = Release|Any CPU
		{9C3F3405-7C16-423B-940E-FDFCA1D30CC5}.Debug|Any CPU.ActiveCfg = Debug|Any CPU
		{9C3F3405-7C16-423B-940E-FDFCA1D30CC5}.Debug|Any CPU.Build.0 = Debug|Any CPU
		{9C3F3405-7C16-423B-940E-FDFCA1D30CC5}.Release|Any CPU.ActiveCfg = Release|Any CPU
		{9C3F3405-7C16-423B-940E-FDFCA1D30CC5}.Release|Any CPU.Build.0 = Release|Any CPU
		{1E980FED-2FE5-466F-B4EC-1BBF1BC6D3EA}.Debug|Any CPU.ActiveCfg = Debug|Any CPU
		{1E980FED-2FE5-466F-B4EC-1BBF1BC6D3EA}.Debug|Any CPU.Build.0 = Debug|Any CPU
		{1E980FED-2FE5-466F-B4EC-1BBF1BC6D3EA}.Release|Any CPU.ActiveCfg = Release|Any CPU
		{1E980FED-2FE5-466F-B4EC-1BBF1BC6D3EA}.Release|Any CPU.Build.0 = Release|Any CPU
	EndGlobalSection
	GlobalSection(SolutionProperties) = preSolution
		HideSolutionNode = FALSE
	EndGlobalSection
	GlobalSection(ExtensibilityGlobals) = postSolution
		SolutionGuid = {4DDD9831-DCAF-4EAC-82AC-5960DF434061}
	EndGlobalSection
EndGlobal
